
Microsoft Visual Studio Solution File, Format Version 12.00
# Visual Studio Version 16
VisualStudioVersion = 16.0.31624.102
MinimumVisualStudioVersion = 10.0.40219.1
Project("{FAE04EC0-301F-11D3-BF4B-00C04F79EFBC}") = "TextRedaktor", "TextRedaktor\TextRedaktor.csproj", "{39AE584A-06CF-42A9-96AD-FEAA65488F0F}"
EndProject
Global
	GlobalSection(SolutionConfigurationPlatforms) = preSolution
		Debug|Any CPU = Debug|Any CPU
		Release|Any CPU = Release|Any CPU
	EndGlobalSection
	GlobalSection(ProjectConfigurationPlatforms) = postSolution
		{39AE584A-06CF-42A9-96AD-FEAA65488F0F}.Debug|Any CPU.ActiveCfg = Debug|Any CPU
		{39AE584A-06CF-42A9-96AD-FEAA65488F0F}.Debug|Any CPU.Build.0 = Debug|Any CPU
		{39AE584A-06CF-42A9-96AD-FEAA65488F0F}.Release|Any CPU.ActiveCfg = Release|Any CPU
		{39AE584A-06CF-42A9-96AD-FEAA65488F0F}.Release|Any CPU.Build.0 = Release|Any CPU
	EndGlobalSection
	GlobalSection(SolutionProperties) = preSolution
		HideSolutionNode = FALSE
	EndGlobalSection
	GlobalSection(ExtensibilityGlobals) = postSolution
		SolutionGuid = {B261BC00-FFA1-45A9-92B3-B48DF3ED1365}
	EndGlobalSection
EndGlobal
